PODS:
  - boost (1.76.0)
  - CocoaAsyncSocket (7.6.5)
  - DoubleConversion (1.1.6)
  - FBLazyVector (0.70.2)
  - FBReactNativeSpec (0.70.2):
    - RCT-Folly (= 2021.07.22.00)
    - RCTRequired (= 0.70.2)
    - RCTTypeSafety (= 0.70.2)
    - React-Core (= 0.70.2)
    - React-jsi (= 0.70.2)
    - ReactCommon/turbomodule/core (= 0.70.2)
  - Flipper (0.125.0):
    - Flipper-Folly (~> 2.6)
    - Flipper-RSocket (~> 1.4)
  - Flipper-Boost-iOSX (1.76.0.1.11)
  - Flipper-DoubleConversion (3.2.0.1)
  - Flipper-Fmt (7.1.7)
  - Flipper-Folly (2.6.10):
    - Flipper-Boost-iOSX
    - Flipper-DoubleConversion
    - Flipper-Fmt (= 7.1.7)
    - Flipper-Glog
    - libevent (~> 2.1.12)
    - OpenSSL-Universal (= 1.1.1100)
  - Flipper-Glog (0.5.0.5)
  - Flipper-PeerTalk (0.0.4)
  - Flipper-RSocket (1.4.3):
    - Flipper-Folly (~> 2.6)
  - FlipperKit (0.125.0):
    - FlipperKit/Core (= 0.125.0)
  - FlipperKit/Core (0.125.0):
    - Flipper (~> 0.125.0)
    - FlipperKit/CppBridge
    - FlipperKit/FBCxxFollyDynamicConvert
    - FlipperKit/FBDefines
    - FlipperKit/FKPortForwarding
    - SocketRocket (~> 0.6.0)
  - FlipperKit/CppBridge (0.125.0):
    - Flipper (~> 0.125.0)
  - FlipperKit/FBCxxFollyDynamicConvert (0.125.0):
    - Flipper-Folly (~> 2.6)
  - FlipperKit/FBDefines (0.125.0)
  - FlipperKit/FKPortForwarding (0.125.0):
    - CocoaAsyncSocket (~> 7.6)
    - Flipper-PeerTalk (~> 0.0.4)
  - FlipperKit/FlipperKitHighlightOverlay (0.125.0)
  - FlipperKit/FlipperKitLayoutHelpers (0.125.0):
    - FlipperKit/Core
    - FlipperKit/FlipperKitHighlightOverlay
    - FlipperKit/FlipperKitLayoutTextSearchable
  - FlipperKit/FlipperKitLayoutIOSDescriptors (0.125.0):
    - FlipperKit/Core
    - FlipperKit/FlipperKitHighlightOverlay
    - FlipperKit/FlipperKitLayoutHelpers
    - YogaKit (~> 1.18)
  - FlipperKit/FlipperKitLayoutPlugin (0.125.0):
    - FlipperKit/Core
    - FlipperKit/FlipperKitHighlightOverlay
    - FlipperKit/FlipperKitLayoutHelpers
    - FlipperKit/FlipperKitLayoutIOSDescriptors
    - FlipperKit/FlipperKitLayoutTextSearchable
    - YogaKit (~> 1.18)
  - FlipperKit/FlipperKitLayoutTextSearchable (0.125.0)
  - FlipperKit/FlipperKitNetworkPlugin (0.125.0):
    - FlipperKit/Core
  - FlipperKit/FlipperKitReactPlugin (0.125.0):
    - FlipperKit/Core
  - FlipperKit/FlipperKitUserDefaultsPlugin (0.125.0):
    - FlipperKit/Core
  - FlipperKit/SKIOSNetworkPlugin (0.125.0):
    - FlipperKit/Core
    - FlipperKit/FlipperKitNetworkPlugin
  - fmt (6.2.1)
  - glog (0.3.5)
  - hermes-engine (0.70.0)
  - libevent (2.1.12)
  - OpenSSL-Universal (1.1.1100)
  - RCT-Folly (2021.07.22.00):
    - boost
    - DoubleConversion
    - fmt (~> 6.2.1)
    - glog
    - RCT-Folly/Default (= 2021.07.22.00)
  - RCT-Folly/Default (2021.07.22.00):
    - boost
    - DoubleConversion
    - fmt (~> 6.2.1)
    - glog
  - RCT-Folly/Futures (2021.07.22.00):
    - boost
    - DoubleConversion
    - fmt (~> 6.2.1)
    - glog
    - libevent
  - RCTRequired (0.70.2)
  - RCTTypeSafety (0.70.2):
    - FBLazyVector (= 0.70.2)
    - RCTRequired (= 0.70.2)
    - React-Core (= 0.70.2)
  - React (0.70.2):
    - React-Core (= 0.70.2)
    - React-Core/DevSupport (= 0.70.2)
    - React-Core/RCTWebSocket (= 0.70.2)
    - React-RCTActionSheet (= 0.70.2)
    - React-RCTAnimation (= 0.70.2)
    - React-RCTBlob (= 0.70.2)
    - React-RCTImage (= 0.70.2)
    - React-RCTLinking (= 0.70.2)
    - React-RCTNetwork (= 0.70.2)
    - React-RCTSettings (= 0.70.2)
    - React-RCTText (= 0.70.2)
    - React-RCTVibration (= 0.70.2)
  - React-bridging (0.70.2):
    - RCT-Folly (= 2021.07.22.00)
    - React-jsi (= 0.70.2)
  - React-callinvoker (0.70.2)
  - React-Codegen (0.70.2):
    - FBReactNativeSpec (= 0.70.2)
    - RCT-Folly (= 2021.07.22.00)
    - RCTRequired (= 0.70.2)
    - RCTTypeSafety (= 0.70.2)
    - React-Core (= 0.70.2)
    - React-jsi (= 0.70.2)
    - React-jsiexecutor (= 0.70.2)
    - ReactCommon/turbomodule/core (= 0.70.2)
  - React-Core (0.70.2):
    - glog
    - RCT-Folly (= 2021.07.22.00)
    - React-Core/Default (= 0.70.2)
    - React-cxxreact (= 0.70.2)
    - React-jsi (= 0.70.2)
    - React-jsiexecutor (= 0.70.2)
    - React-perflogger (= 0.70.2)
    - Yoga
  - React-Core/CoreModulesHeaders (0.70.2):
    - glog
    - RCT-Folly (= 2021.07.22.00)
    - React-Core/Default
    - React-cxxreact (= 0.70.2)
    - React-jsi (= 0.70.2)
    - React-jsiexecutor (= 0.70.2)
    - React-perflogger (= 0.70.2)
    - Yoga
  - React-Core/Default (0.70.2):
    - glog
    - RCT-Folly (= 2021.07.22.00)
    - React-cxxreact (= 0.70.2)
    - React-jsi (= 0.70.2)
    - React-jsiexecutor (= 0.70.2)
    - React-perflogger (= 0.70.2)
    - Yoga
  - React-Core/DevSupport (0.70.2):
    - glog
    - RCT-Folly (= 2021.07.22.00)
    - React-Core/Default (= 0.70.2)
    - React-Core/RCTWebSocket (= 0.70.2)
    - React-cxxreact (= 0.70.2)
    - React-jsi (= 0.70.2)
    - React-jsiexecutor (= 0.70.2)
    - React-jsinspector (= 0.70.2)
    - React-perflogger (= 0.70.2)
    - Yoga
  - React-Core/RCTActionSheetHeaders (0.70.2):
    - glog
    - RCT-Folly (= 2021.07.22.00)
    - React-Core/Default
    - React-cxxreact (= 0.70.2)
    - React-jsi (= 0.70.2)
    - React-jsiexecutor (= 0.70.2)
    - React-perflogger (= 0.70.2)
    - Yoga
  - React-Core/RCTAnimationHeaders (0.70.2):
    - glog
    - RCT-Folly (= 2021.07.22.00)
    - React-Core/Default
    - React-cxxreact (= 0.70.2)
    - React-jsi (= 0.70.2)
    - React-jsiexecutor (= 0.70.2)
    - React-perflogger (= 0.70.2)
    - Yoga
  - React-Core/RCTBlobHeaders (0.70.2):
    - glog
    - RCT-Folly (= 2021.07.22.00)
    - React-Core/Default
    - React-cxxreact (= 0.70.2)
    - React-jsi (= 0.70.2)
    - React-jsiexecutor (= 0.70.2)
    - React-perflogger (= 0.70.2)
    - Yoga
  - React-Core/RCTImageHeaders (0.70.2):
    - glog
    - RCT-Folly (= 2021.07.22.00)
    - React-Core/Default
    - React-cxxreact (= 0.70.2)
    - React-jsi (= 0.70.2)
    - React-jsiexecutor (= 0.70.2)
    - React-perflogger (= 0.70.2)
    - Yoga
  - React-Core/RCTLinkingHeaders (0.70.2):
    - glog
    - RCT-Folly (= 2021.07.22.00)
    - React-Core/Default
    - React-cxxreact (= 0.70.2)
    - React-jsi (= 0.70.2)
    - React-jsiexecutor (= 0.70.2)
    - React-perflogger (= 0.70.2)
    - Yoga
  - React-Core/RCTNetworkHeaders (0.70.2):
    - glog
    - RCT-Folly (= 2021.07.22.00)
    - React-Core/Default
    - React-cxxreact (= 0.70.2)
    - React-jsi (= 0.70.2)
    - React-jsiexecutor (= 0.70.2)
    - React-perflogger (= 0.70.2)
    - Yoga
  - React-Core/RCTSettingsHeaders (0.70.2):
    - glog
    - RCT-Folly (= 2021.07.22.00)
    - React-Core/Default
    - React-cxxreact (= 0.70.2)
    - React-jsi (= 0.70.2)
    - React-jsiexecutor (= 0.70.2)
    - React-perflogger (= 0.70.2)
    - Yoga
  - React-Core/RCTTextHeaders (0.70.2):
    - glog
    - RCT-Folly (= 2021.07.22.00)
    - React-Core/Default
    - React-cxxreact (= 0.70.2)
    - React-jsi (= 0.70.2)
    - React-jsiexecutor (= 0.70.2)
    - React-perflogger (= 0.70.2)
    - Yoga
  - React-Core/RCTVibrationHeaders (0.70.2):
    - glog
    - RCT-Folly (= 2021.07.22.00)
    - React-Core/Default
    - React-cxxreact (= 0.70.2)
    - React-jsi (= 0.70.2)
    - React-jsiexecutor (= 0.70.2)
    - React-perflogger (= 0.70.2)
    - Yoga
  - React-Core/RCTWebSocket (0.70.2):
    - glog
    - RCT-Folly (= 2021.07.22.00)
    - React-Core/Default (= 0.70.2)
    - React-cxxreact (= 0.70.2)
    - React-jsi (= 0.70.2)
    - React-jsiexecutor (= 0.70.2)
    - React-perflogger (= 0.70.2)
    - Yoga
  - React-CoreModules (0.70.2):
    - RCT-Folly (= 2021.07.22.00)
    - RCTTypeSafety (= 0.70.2)
    - React-Codegen (= 0.70.2)
    - React-Core/CoreModulesHeaders (= 0.70.2)
    - React-jsi (= 0.70.2)
    - React-RCTImage (= 0.70.2)
    - ReactCommon/turbomodule/core (= 0.70.2)
  - React-cxxreact (0.70.2):
    - boost (= 1.76.0)
    - DoubleConversion
    - glog
    - RCT-Folly (= 2021.07.22.00)
    - React-callinvoker (= 0.70.2)
    - React-jsi (= 0.70.2)
    - React-jsinspector (= 0.70.2)
    - React-logger (= 0.70.2)
    - React-perflogger (= 0.70.2)
    - React-runtimeexecutor (= 0.70.2)
  - React-hermes (0.70.2):
    - DoubleConversion
    - glog
    - hermes-engine
    - RCT-Folly (= 2021.07.22.00)
    - RCT-Folly/Futures (= 2021.07.22.00)
    - React-cxxreact (= 0.70.2)
    - React-jsi (= 0.70.2)
    - React-jsiexecutor (= 0.70.2)
    - React-jsinspector (= 0.70.2)
    - React-perflogger (= 0.70.2)
  - React-jsi (0.70.2):
    - boost (= 1.76.0)
    - DoubleConversion
    - glog
    - RCT-Folly (= 2021.07.22.00)
    - React-jsi/Default (= 0.70.2)
  - React-jsi/Default (0.70.2):
    - boost (= 1.76.0)
    - DoubleConversion
    - glog
    - RCT-Folly (= 2021.07.22.00)
  - React-jsiexecutor (0.70.2):
    - DoubleConversion
    - glog
    - RCT-Folly (= 2021.07.22.00)
    - React-cxxreact (= 0.70.2)
    - React-jsi (= 0.70.2)
    - React-perflogger (= 0.70.2)
  - React-jsinspector (0.70.2)
  - React-logger (0.70.2):
    - glog
  - react-native-safe-area-context (4.3.3):
    - RCT-Folly
    - RCTRequired
    - RCTTypeSafety
    - React-Core
    - ReactCommon/turbomodule/core
  - react-native-slider (3.0.3):
    - React
  - react-native-viewpager (4.2.1):
    - React-Core
  - React-perflogger (0.70.2)
  - React-RCTActionSheet (0.70.2):
    - React-Core/RCTActionSheetHeaders (= 0.70.2)
  - React-RCTAnimation (0.70.2):
    - RCT-Folly (= 2021.07.22.00)
    - RCTTypeSafety (= 0.70.2)
    - React-Codegen (= 0.70.2)
    - React-Core/RCTAnimationHeaders (= 0.70.2)
    - React-jsi (= 0.70.2)
    - ReactCommon/turbomodule/core (= 0.70.2)
  - React-RCTBlob (0.70.2):
    - RCT-Folly (= 2021.07.22.00)
    - React-Codegen (= 0.70.2)
    - React-Core/RCTBlobHeaders (= 0.70.2)
    - React-Core/RCTWebSocket (= 0.70.2)
    - React-jsi (= 0.70.2)
    - React-RCTNetwork (= 0.70.2)
    - ReactCommon/turbomodule/core (= 0.70.2)
  - React-RCTImage (0.70.2):
    - RCT-Folly (= 2021.07.22.00)
    - RCTTypeSafety (= 0.70.2)
    - React-Codegen (= 0.70.2)
    - React-Core/RCTImageHeaders (= 0.70.2)
    - React-jsi (= 0.70.2)
    - React-RCTNetwork (= 0.70.2)
    - ReactCommon/turbomodule/core (= 0.70.2)
  - React-RCTLinking (0.70.2):
    - React-Codegen (= 0.70.2)
    - React-Core/RCTLinkingHeaders (= 0.70.2)
    - React-jsi (= 0.70.2)
    - ReactCommon/turbomodule/core (= 0.70.2)
  - React-RCTNetwork (0.70.2):
    - RCT-Folly (= 2021.07.22.00)
    - RCTTypeSafety (= 0.70.2)
    - React-Codegen (= 0.70.2)
    - React-Core/RCTNetworkHeaders (= 0.70.2)
    - React-jsi (= 0.70.2)
    - ReactCommon/turbomodule/core (= 0.70.2)
  - React-RCTSettings (0.70.2):
    - RCT-Folly (= 2021.07.22.00)
    - RCTTypeSafety (= 0.70.2)
    - React-Codegen (= 0.70.2)
    - React-Core/RCTSettingsHeaders (= 0.70.2)
    - React-jsi (= 0.70.2)
    - ReactCommon/turbomodule/core (= 0.70.2)
  - React-RCTText (0.70.2):
    - React-Core/RCTTextHeaders (= 0.70.2)
  - React-RCTVibration (0.70.2):
    - RCT-Folly (= 2021.07.22.00)
    - React-Codegen (= 0.70.2)
    - React-Core/RCTVibrationHeaders (= 0.70.2)
    - React-jsi (= 0.70.2)
    - ReactCommon/turbomodule/core (= 0.70.2)
  - React-runtimeexecutor (0.70.2):
    - React-jsi (= 0.70.2)
  - ReactCommon/turbomodule/core (0.70.2):
    - DoubleConversion
    - glog
    - RCT-Folly (= 2021.07.22.00)
    - React-bridging (= 0.70.2)
    - React-callinvoker (= 0.70.2)
    - React-Core (= 0.70.2)
    - React-cxxreact (= 0.70.2)
    - React-jsi (= 0.70.2)
    - React-logger (= 0.70.2)
    - React-perflogger (= 0.70.2)
  - RNCMaskedView (0.1.10):
    - React
  - RNGestureHandler (2.7.0):
    - React-Core
  - RNReanimated (2.10.0):
    - DoubleConversion
    - FBLazyVector
    - FBReactNativeSpec
    - glog
    - RCT-Folly
    - RCTRequired
    - RCTTypeSafety
    - React-callinvoker
    - React-Core
    - React-Core/DevSupport
    - React-Core/RCTWebSocket
    - React-CoreModules
    - React-cxxreact
    - React-jsi
    - React-jsiexecutor
    - React-jsinspector
    - React-RCTActionSheet
    - React-RCTAnimation
    - React-RCTBlob
    - React-RCTImage
    - React-RCTLinking
    - React-RCTNetwork
    - React-RCTSettings
    - React-RCTText
    - ReactCommon/turbomodule/core
    - Yoga
  - RNScreens (3.17.0):
    - React-Core
    - React-RCTImage
  - SocketRocket (0.6.0)
  - Yoga (1.14.0)
  - YogaKit (1.18.1):
    - Yoga (~> 1.14)

DEPENDENCIES:
  - boost (from `../node_modules/react-native/third-party-podspecs/boost.podspec`)
  - DoubleConversion (from `../node_modules/react-native/third-party-podspecs/DoubleConversion.podspec`)
  - FBLazyVector (from `../node_modules/react-native/Libraries/FBLazyVector`)
  - FBReactNativeSpec (from `../node_modules/react-native/React/FBReactNativeSpec`)
  - Flipper (= 0.125.0)
  - Flipper-Boost-iOSX (= 1.76.0.1.11)
  - Flipper-DoubleConversion (= 3.2.0.1)
  - Flipper-Fmt (= 7.1.7)
  - Flipper-Folly (= 2.6.10)
  - Flipper-Glog (= 0.5.0.5)
  - Flipper-PeerTalk (= 0.0.4)
  - Flipper-RSocket (= 1.4.3)
  - FlipperKit (= 0.125.0)
  - FlipperKit/Core (= 0.125.0)
  - FlipperKit/CppBridge (= 0.125.0)
  - FlipperKit/FBCxxFollyDynamicConvert (= 0.125.0)
  - FlipperKit/FBDefines (= 0.125.0)
  - FlipperKit/FKPortForwarding (= 0.125.0)
  - FlipperKit/FlipperKitHighlightOverlay (= 0.125.0)
  - FlipperKit/FlipperKitLayoutPlugin (= 0.125.0)
  - FlipperKit/FlipperKitLayoutTextSearchable (= 0.125.0)
  - FlipperKit/FlipperKitNetworkPlugin (= 0.125.0)
  - FlipperKit/FlipperKitReactPlugin (= 0.125.0)
  - FlipperKit/FlipperKitUserDefaultsPlugin (= 0.125.0)
  - FlipperKit/SKIOSNetworkPlugin (= 0.125.0)
  - glog (from `../node_modules/react-native/third-party-podspecs/glog.podspec`)
  - hermes-engine (from `../node_modules/react-native/sdks/hermes/hermes-engine.podspec`)
  - libevent (~> 2.1.12)
  - OpenSSL-Universal (= 1.1.1100)
  - RCT-Folly (from `../node_modules/react-native/third-party-podspecs/RCT-Folly.podspec`)
  - RCTRequired (from `../node_modules/react-native/Libraries/RCTRequired`)
  - RCTTypeSafety (from `../node_modules/react-native/Libraries/TypeSafety`)
  - React (from `../node_modules/react-native/`)
  - React-bridging (from `../node_modules/react-native/ReactCommon`)
  - React-callinvoker (from `../node_modules/react-native/ReactCommon/callinvoker`)
  - React-Codegen (from `build/generated/ios`)
  - React-Core (from `../node_modules/react-native/`)
  - React-Core/DevSupport (from `../node_modules/react-native/`)
  - React-Core/RCTWebSocket (from `../node_modules/react-native/`)
  - React-CoreModules (from `../node_modules/react-native/React/CoreModules`)
  - React-cxxreact (from `../node_modules/react-native/ReactCommon/cxxreact`)
  - React-hermes (from `../node_modules/react-native/ReactCommon/hermes`)
  - React-jsi (from `../node_modules/react-native/ReactCommon/jsi`)
  - React-jsiexecutor (from `../node_modules/react-native/ReactCommon/jsiexecutor`)
  - React-jsinspector (from `../node_modules/react-native/ReactCommon/jsinspector`)
  - React-logger (from `../node_modules/react-native/ReactCommon/logger`)
  - react-native-safe-area-context (from `../node_modules/react-native-safe-area-context`)
  - "react-native-slider (from `../node_modules/@react-native-community/slider`)"
  - "react-native-viewpager (from `../node_modules/@react-native-community/viewpager`)"
  - React-perflogger (from `../node_modules/react-native/ReactCommon/reactperflogger`)
  - React-RCTActionSheet (from `../node_modules/react-native/Libraries/ActionSheetIOS`)
  - React-RCTAnimation (from `../node_modules/react-native/Libraries/NativeAnimation`)
  - React-RCTBlob (from `../node_modules/react-native/Libraries/Blob`)
  - React-RCTImage (from `../node_modules/react-native/Libraries/Image`)
  - React-RCTLinking (from `../node_modules/react-native/Libraries/LinkingIOS`)
  - React-RCTNetwork (from `../node_modules/react-native/Libraries/Network`)
  - React-RCTSettings (from `../node_modules/react-native/Libraries/Settings`)
  - React-RCTText (from `../node_modules/react-native/Libraries/Text`)
  - React-RCTVibration (from `../node_modules/react-native/Libraries/Vibration`)
  - React-runtimeexecutor (from `../node_modules/react-native/ReactCommon/runtimeexecutor`)
  - ReactCommon/turbomodule/core (from `../node_modules/react-native/ReactCommon`)
  - "RNCMaskedView (from `../node_modules/@react-native-community/masked-view`)"
  - RNGestureHandler (from `../..`)
  - RNReanimated (from `../node_modules/react-native-reanimated`)
  - RNScreens (from `../node_modules/react-native-screens`)
  - Yoga (from `../node_modules/react-native/ReactCommon/yoga`)

SPEC REPOS:
  trunk:
    - CocoaAsyncSocket
    - Flipper
    - Flipper-Boost-iOSX
    - Flipper-DoubleConversion
    - Flipper-Fmt
    - Flipper-Folly
    - Flipper-Glog
    - Flipper-PeerTalk
    - Flipper-RSocket
    - FlipperKit
    - fmt
    - libevent
    - OpenSSL-Universal
    - SocketRocket
    - YogaKit

EXTERNAL SOURCES:
  boost:
    :podspec: "../node_modules/react-native/third-party-podspecs/boost.podspec"
  DoubleConversion:
    :podspec: "../node_modules/react-native/third-party-podspecs/DoubleConversion.podspec"
  FBLazyVector:
    :path: "../node_modules/react-native/Libraries/FBLazyVector"
  FBReactNativeSpec:
    :path: "../node_modules/react-native/React/FBReactNativeSpec"
  glog:
    :podspec: "../node_modules/react-native/third-party-podspecs/glog.podspec"
  hermes-engine:
    :podspec: "../node_modules/react-native/sdks/hermes/hermes-engine.podspec"
  RCT-Folly:
    :podspec: "../node_modules/react-native/third-party-podspecs/RCT-Folly.podspec"
  RCTRequired:
    :path: "../node_modules/react-native/Libraries/RCTRequired"
  RCTTypeSafety:
    :path: "../node_modules/react-native/Libraries/TypeSafety"
  React:
    :path: "../node_modules/react-native/"
  React-bridging:
    :path: "../node_modules/react-native/ReactCommon"
  React-callinvoker:
    :path: "../node_modules/react-native/ReactCommon/callinvoker"
  React-Codegen:
    :path: build/generated/ios
  React-Core:
    :path: "../node_modules/react-native/"
  React-CoreModules:
    :path: "../node_modules/react-native/React/CoreModules"
  React-cxxreact:
    :path: "../node_modules/react-native/ReactCommon/cxxreact"
  React-hermes:
    :path: "../node_modules/react-native/ReactCommon/hermes"
  React-jsi:
    :path: "../node_modules/react-native/ReactCommon/jsi"
  React-jsiexecutor:
    :path: "../node_modules/react-native/ReactCommon/jsiexecutor"
  React-jsinspector:
    :path: "../node_modules/react-native/ReactCommon/jsinspector"
  React-logger:
    :path: "../node_modules/react-native/ReactCommon/logger"
  react-native-safe-area-context:
    :path: "../node_modules/react-native-safe-area-context"
  react-native-slider:
    :path: "../node_modules/@react-native-community/slider"
  react-native-viewpager:
    :path: "../node_modules/@react-native-community/viewpager"
  React-perflogger:
    :path: "../node_modules/react-native/ReactCommon/reactperflogger"
  React-RCTActionSheet:
    :path: "../node_modules/react-native/Libraries/ActionSheetIOS"
  React-RCTAnimation:
    :path: "../node_modules/react-native/Libraries/NativeAnimation"
  React-RCTBlob:
    :path: "../node_modules/react-native/Libraries/Blob"
  React-RCTImage:
    :path: "../node_modules/react-native/Libraries/Image"
  React-RCTLinking:
    :path: "../node_modules/react-native/Libraries/LinkingIOS"
  React-RCTNetwork:
    :path: "../node_modules/react-native/Libraries/Network"
  React-RCTSettings:
    :path: "../node_modules/react-native/Libraries/Settings"
  React-RCTText:
    :path: "../node_modules/react-native/Libraries/Text"
  React-RCTVibration:
    :path: "../node_modules/react-native/Libraries/Vibration"
  React-runtimeexecutor:
    :path: "../node_modules/react-native/ReactCommon/runtimeexecutor"
  ReactCommon:
    :path: "../node_modules/react-native/ReactCommon"
  RNCMaskedView:
    :path: "../node_modules/@react-native-community/masked-view"
  RNGestureHandler:
    :path: "../.."
  RNReanimated:
    :path: "../node_modules/react-native-reanimated"
  RNScreens:
    :path: "../node_modules/react-native-screens"
  Yoga:
    :path: "../node_modules/react-native/ReactCommon/yoga"

SPEC CHECKSUMS:
  boost: a7c83b31436843459a1961bfd74b96033dc77234
  CocoaAsyncSocket: 065fd1e645c7abab64f7a6a2007a48038fdc6a99
  DoubleConversion: 831926d9b8bf8166fd87886c4abab286c2422662
  FBLazyVector: 0507edc21c06f1650c591f0981c846445469373b
  FBReactNativeSpec: 698ef8604615cfa7ae2119e9ca4ed7687a6ae62e
  Flipper: 26fc4b7382499f1281eb8cb921e5c3ad6de91fe0
  Flipper-Boost-iOSX: fd1e2b8cbef7e662a122412d7ac5f5bea715403c
  Flipper-DoubleConversion: 2dc99b02f658daf147069aad9dbd29d8feb06d30
  Flipper-Fmt: 60cbdd92fc254826e61d669a5d87ef7015396a9b
  Flipper-Folly: 584845625005ff068a6ebf41f857f468decd26b3
  Flipper-Glog: 70c50ce58ddaf67dc35180db05f191692570f446
  Flipper-PeerTalk: 116d8f857dc6ef55c7a5a75ea3ceaafe878aadc9
  Flipper-RSocket: d9d9ade67cbecf6ac10730304bf5607266dd2541
  FlipperKit: cbdee19bdd4e7f05472a66ce290f1b729ba3cb86
  fmt: ff9d55029c625d3757ed641535fd4a75fedc7ce9
  glog: 85ecdd10ee8d8ec362ef519a6a45ff9aa27b2e85
  hermes-engine: 8e84f1284180801c1a1b241f443ba64f931ff561
  libevent: 4049cae6c81cdb3654a443be001fb9bdceff7913
  OpenSSL-Universal: ebc357f1e6bc71fa463ccb2fe676756aff50e88c
  RCT-Folly: 0080d0a6ebf2577475bda044aa59e2ca1f909cda
  RCTRequired: d4033a367d0bfd1f23f67b501f8cdabf9afe617e
  RCTTypeSafety: b112b2ccc59309a65284280c0a53baf1ce4b5860
  React: 04474547a4729eef1fb378ca42f302f4b3219eb8
  React-bridging: 1c8695b292b4a9baaca3960f6166d9766e20492d
  React-callinvoker: 4d91e2db7773ee3fcea2d3a5c6beb52a5bfd4d71
  React-Codegen: 33356335c6f3b0869cb4434055fdec219139f635
  React-Core: 634b8aa20e1dad445425ee9581f4719bcfd1b19b
  React-CoreModules: 746825283de4b54dcb4fd88703ff516297a5f60d
  React-cxxreact: f8d2686d98b5ffed1b1de3aa62e1f81db4903153
  React-hermes: 4e9f5f9cfff42a23e7d6d8083e6c8a3f6f4926ee
  React-jsi: 198b9b3e0a85e68cb6898265400fd8bf34cacda4
  React-jsiexecutor: 53bd208e5c27939c6e6365528393445a596a9a2b
  React-jsinspector: 26c42646ab0bb69e29e837e23754fe7121eeaf94
  React-logger: 1bfd109a0ffa4c0989bbfac0c2d8c4abe4637faa
  react-native-safe-area-context: b456e1c40ec86f5593d58b275bd0e9603169daca
  react-native-slider: e99fc201cefe81270fc9d81714a7a0f5e566b168
  react-native-viewpager: 40876e00dbd7bcee4c627cf5a9640e6593a019b4
  React-perflogger: 6009895616a455781293950bbd63d53cfc7ffbc5
  React-RCTActionSheet: 5e90aa5712af18bfc86c2c6d97d4dbe0e5451c1d
  React-RCTAnimation: 50c44d6501f8bfb2fe885e544501f8798b4ff3d6
  React-RCTBlob: 3cc08e7112dd7b77faf3fa481ba22ca2bba5f20a
  React-RCTImage: ca8335860b5f64c383ad27f52a28d85089d49b7a
  React-RCTLinking: 297cd91bdbf427efc861fc7943e6d683e61860fa
  React-RCTNetwork: 8a197bff6f1dc5353484507a4cdcd47e9356316f
  React-RCTSettings: d3db1f1e61a5ad8deb50f44f5cb6c7c3ef32b3ac
  React-RCTText: c2c05ab3dbfb1cf5855b14802f392148970e48da
  React-RCTVibration: 89e2cbea456ac5ec623943661d00e4dc45fe74b9
  React-runtimeexecutor: 80065f60af4f4b05603661070c8622bb3740bf16
  ReactCommon: 1209130f460e4aa9d255ddc75fa0a827ebf93dfb
  RNCMaskedView: 5a8ec07677aa885546a0d98da336457e2bea557f
  RNGestureHandler: 7673697e7c0e9391adefae4faa087442bc04af33
  RNReanimated: 60e291d42c77752a0f6d6f358387bdf225a87c6e
  RNScreens: 0df01424e9e0ed7827200d6ed1087ddd06c493f9
  SocketRocket: fccef3f9c5cedea1353a9ef6ada904fde10d6608
  Yoga: 043f8eb97345d0171f27fead4d1849cacf0472a5
  YogaKit: f782866e155069a2cca2517aafea43200b01fd5a

PODFILE CHECKSUM: b3c10bf4ee6b9699092fca48a46ce0e38bd1b69c

COCOAPODS: 1.11.3
