PODS:
  - boost (1.76.0)
  - CocoaAsyncSocket (7.6.5)
  - DoubleConversion (1.1.6)
  - FBLazyVector (0.69.0-rc.1)
  - FBReactNativeSpec (0.69.0-rc.1):
    - RCT-Folly (= 2021.06.28.00-v2)
    - RCTRequired (= 0.69.0-rc.1)
    - RCTTypeSafety (= 0.69.0-rc.1)
    - React-Core (= 0.69.0-rc.1)
    - React-jsi (= 0.69.0-rc.1)
    - ReactCommon/turbomodule/core (= 0.69.0-rc.1)
  - Flipper (0.125.0):
    - Flipper-Folly (~> 2.6)
    - Flipper-RSocket (~> 1.4)
  - Flipper-Boost-iOSX (1.76.0.1.11)
  - Flipper-DoubleConversion (3.2.0)
  - Flipper-Fmt (7.1.7)
  - Flipper-Folly (2.6.10):
    - Flipper-Boost-iOSX
    - Flipper-DoubleConversion
    - Flipper-Fmt (= 7.1.7)
    - Flipper-Glog
    - libevent (~> 2.1.12)
    - OpenSSL-Universal (= 1.1.1100)
  - Flipper-Glog (0.5.0.4)
  - Flipper-PeerTalk (0.0.4)
  - Flipper-RSocket (1.4.3):
    - Flipper-Folly (~> 2.6)
  - FlipperKit (0.125.0):
    - FlipperKit/Core (= 0.125.0)
  - FlipperKit/Core (0.125.0):
    - Flipper (~> 0.125.0)
    - FlipperKit/CppBridge
    - FlipperKit/FBCxxFollyDynamicConvert
    - FlipperKit/FBDefines
    - FlipperKit/FKPortForwarding
    - SocketRocket (~> 0.6.0)
  - FlipperKit/CppBridge (0.125.0):
    - Flipper (~> 0.125.0)
  - FlipperKit/FBCxxFollyDynamicConvert (0.125.0):
    - Flipper-Folly (~> 2.6)
  - FlipperKit/FBDefines (0.125.0)
  - FlipperKit/FKPortForwarding (0.125.0):
    - CocoaAsyncSocket (~> 7.6)
    - Flipper-PeerTalk (~> 0.0.4)
  - FlipperKit/FlipperKitHighlightOverlay (0.125.0)
  - FlipperKit/FlipperKitLayoutHelpers (0.125.0):
    - FlipperKit/Core
    - FlipperKit/FlipperKitHighlightOverlay
    - FlipperKit/FlipperKitLayoutTextSearchable
  - FlipperKit/FlipperKitLayoutIOSDescriptors (0.125.0):
    - FlipperKit/Core
    - FlipperKit/FlipperKitHighlightOverlay
    - FlipperKit/FlipperKitLayoutHelpers
    - YogaKit (~> 1.18)
  - FlipperKit/FlipperKitLayoutPlugin (0.125.0):
    - FlipperKit/Core
    - FlipperKit/FlipperKitHighlightOverlay
    - FlipperKit/FlipperKitLayoutHelpers
    - FlipperKit/FlipperKitLayoutIOSDescriptors
    - FlipperKit/FlipperKitLayoutTextSearchable
    - YogaKit (~> 1.18)
  - FlipperKit/FlipperKitLayoutTextSearchable (0.125.0)
  - FlipperKit/FlipperKitNetworkPlugin (0.125.0):
    - FlipperKit/Core
  - FlipperKit/FlipperKitReactPlugin (0.125.0):
    - FlipperKit/Core
  - FlipperKit/FlipperKitUserDefaultsPlugin (0.125.0):
    - FlipperKit/Core
  - FlipperKit/SKIOSNetworkPlugin (0.125.0):
    - FlipperKit/Core
    - FlipperKit/FlipperKitNetworkPlugin
  - fmt (6.2.1)
  - glog (0.3.5)
  - hermes-engine (1000.0.0-f909be)
  - libevent (2.1.12)
  - OpenSSL-Universal (1.1.1100)
  - RCT-Folly (2021.06.28.00-v2):
    - boost
    - DoubleConversion
    - fmt (~> 6.2.1)
    - glog
    - RCT-Folly/Default (= 2021.06.28.00-v2)
  - RCT-Folly/Default (2021.06.28.00-v2):
    - boost
    - DoubleConversion
    - fmt (~> 6.2.1)
    - glog
  - RCT-Folly/Fabric (2021.06.28.00-v2):
    - boost
    - DoubleConversion
    - fmt (~> 6.2.1)
    - glog
  - RCT-Folly/Futures (2021.06.28.00-v2):
    - boost
    - DoubleConversion
    - fmt (~> 6.2.1)
    - glog
    - libevent
  - RCTRequired (0.69.0-rc.1)
  - RCTTypeSafety (0.69.0-rc.1):
    - FBLazyVector (= 0.69.0-rc.1)
    - RCTRequired (= 0.69.0-rc.1)
    - React-Core (= 0.69.0-rc.1)
  - React (0.69.0-rc.1):
    - React-Core (= 0.69.0-rc.1)
    - React-Core/DevSupport (= 0.69.0-rc.1)
    - React-Core/RCTWebSocket (= 0.69.0-rc.1)
    - React-RCTActionSheet (= 0.69.0-rc.1)
    - React-RCTAnimation (= 0.69.0-rc.1)
    - React-RCTBlob (= 0.69.0-rc.1)
    - React-RCTImage (= 0.69.0-rc.1)
    - React-RCTLinking (= 0.69.0-rc.1)
    - React-RCTNetwork (= 0.69.0-rc.1)
    - React-RCTSettings (= 0.69.0-rc.1)
    - React-RCTText (= 0.69.0-rc.1)
    - React-RCTVibration (= 0.69.0-rc.1)
  - React-bridging (0.69.0-rc.1):
    - RCT-Folly (= 2021.06.28.00-v2)
    - React-jsi (= 0.69.0-rc.1)
  - React-callinvoker (0.69.0-rc.1)
  - React-Codegen (0.69.0-rc.1):
    - FBReactNativeSpec (= 0.69.0-rc.1)
    - RCT-Folly (= 2021.06.28.00-v2)
    - RCTRequired (= 0.69.0-rc.1)
    - RCTTypeSafety (= 0.69.0-rc.1)
    - React-Core (= 0.69.0-rc.1)
    - React-graphics (= 0.69.0-rc.1)
    - React-jsi (= 0.69.0-rc.1)
    - React-jsiexecutor (= 0.69.0-rc.1)
    - React-rncore (= 0.69.0-rc.1)
    - ReactCommon/turbomodule/core (= 0.69.0-rc.1)
  - React-Core (0.69.0-rc.1):
    - glog
    - RCT-Folly (= 2021.06.28.00-v2)
    - React-Core/Default (= 0.69.0-rc.1)
    - React-cxxreact (= 0.69.0-rc.1)
    - React-jsi (= 0.69.0-rc.1)
    - React-jsiexecutor (= 0.69.0-rc.1)
    - React-perflogger (= 0.69.0-rc.1)
    - Yoga
  - React-Core/CoreModulesHeaders (0.69.0-rc.1):
    - glog
    - RCT-Folly (= 2021.06.28.00-v2)
    - React-Core/Default
    - React-cxxreact (= 0.69.0-rc.1)
    - React-jsi (= 0.69.0-rc.1)
    - React-jsiexecutor (= 0.69.0-rc.1)
    - React-perflogger (= 0.69.0-rc.1)
    - Yoga
  - React-Core/Default (0.69.0-rc.1):
    - glog
    - RCT-Folly (= 2021.06.28.00-v2)
    - React-cxxreact (= 0.69.0-rc.1)
    - React-jsi (= 0.69.0-rc.1)
    - React-jsiexecutor (= 0.69.0-rc.1)
    - React-perflogger (= 0.69.0-rc.1)
    - Yoga
  - React-Core/DevSupport (0.69.0-rc.1):
    - glog
    - RCT-Folly (= 2021.06.28.00-v2)
    - React-Core/Default (= 0.69.0-rc.1)
    - React-Core/RCTWebSocket (= 0.69.0-rc.1)
    - React-cxxreact (= 0.69.0-rc.1)
    - React-jsi (= 0.69.0-rc.1)
    - React-jsiexecutor (= 0.69.0-rc.1)
    - React-jsinspector (= 0.69.0-rc.1)
    - React-perflogger (= 0.69.0-rc.1)
    - Yoga
  - React-Core/RCTActionSheetHeaders (0.69.0-rc.1):
    - glog
    - RCT-Folly (= 2021.06.28.00-v2)
    - React-Core/Default
    - React-cxxreact (= 0.69.0-rc.1)
    - React-jsi (= 0.69.0-rc.1)
    - React-jsiexecutor (= 0.69.0-rc.1)
    - React-perflogger (= 0.69.0-rc.1)
    - Yoga
  - React-Core/RCTAnimationHeaders (0.69.0-rc.1):
    - glog
    - RCT-Folly (= 2021.06.28.00-v2)
    - React-Core/Default
    - React-cxxreact (= 0.69.0-rc.1)
    - React-jsi (= 0.69.0-rc.1)
    - React-jsiexecutor (= 0.69.0-rc.1)
    - React-perflogger (= 0.69.0-rc.1)
    - Yoga
  - React-Core/RCTBlobHeaders (0.69.0-rc.1):
    - glog
    - RCT-Folly (= 2021.06.28.00-v2)
    - React-Core/Default
    - React-cxxreact (= 0.69.0-rc.1)
    - React-jsi (= 0.69.0-rc.1)
    - React-jsiexecutor (= 0.69.0-rc.1)
    - React-perflogger (= 0.69.0-rc.1)
    - Yoga
  - React-Core/RCTImageHeaders (0.69.0-rc.1):
    - glog
    - RCT-Folly (= 2021.06.28.00-v2)
    - React-Core/Default
    - React-cxxreact (= 0.69.0-rc.1)
    - React-jsi (= 0.69.0-rc.1)
    - React-jsiexecutor (= 0.69.0-rc.1)
    - React-perflogger (= 0.69.0-rc.1)
    - Yoga
  - React-Core/RCTLinkingHeaders (0.69.0-rc.1):
    - glog
    - RCT-Folly (= 2021.06.28.00-v2)
    - React-Core/Default
    - React-cxxreact (= 0.69.0-rc.1)
    - React-jsi (= 0.69.0-rc.1)
    - React-jsiexecutor (= 0.69.0-rc.1)
    - React-perflogger (= 0.69.0-rc.1)
    - Yoga
  - React-Core/RCTNetworkHeaders (0.69.0-rc.1):
    - glog
    - RCT-Folly (= 2021.06.28.00-v2)
    - React-Core/Default
    - React-cxxreact (= 0.69.0-rc.1)
    - React-jsi (= 0.69.0-rc.1)
    - React-jsiexecutor (= 0.69.0-rc.1)
    - React-perflogger (= 0.69.0-rc.1)
    - Yoga
  - React-Core/RCTSettingsHeaders (0.69.0-rc.1):
    - glog
    - RCT-Folly (= 2021.06.28.00-v2)
    - React-Core/Default
    - React-cxxreact (= 0.69.0-rc.1)
    - React-jsi (= 0.69.0-rc.1)
    - React-jsiexecutor (= 0.69.0-rc.1)
    - React-perflogger (= 0.69.0-rc.1)
    - Yoga
  - React-Core/RCTTextHeaders (0.69.0-rc.1):
    - glog
    - RCT-Folly (= 2021.06.28.00-v2)
    - React-Core/Default
    - React-cxxreact (= 0.69.0-rc.1)
    - React-jsi (= 0.69.0-rc.1)
    - React-jsiexecutor (= 0.69.0-rc.1)
    - React-perflogger (= 0.69.0-rc.1)
    - Yoga
  - React-Core/RCTVibrationHeaders (0.69.0-rc.1):
    - glog
    - RCT-Folly (= 2021.06.28.00-v2)
    - React-Core/Default
    - React-cxxreact (= 0.69.0-rc.1)
    - React-jsi (= 0.69.0-rc.1)
    - React-jsiexecutor (= 0.69.0-rc.1)
    - React-perflogger (= 0.69.0-rc.1)
    - Yoga
  - React-Core/RCTWebSocket (0.69.0-rc.1):
    - glog
    - RCT-Folly (= 2021.06.28.00-v2)
    - React-Core/Default (= 0.69.0-rc.1)
    - React-cxxreact (= 0.69.0-rc.1)
    - React-jsi (= 0.69.0-rc.1)
    - React-jsiexecutor (= 0.69.0-rc.1)
    - React-perflogger (= 0.69.0-rc.1)
    - Yoga
  - React-CoreModules (0.69.0-rc.1):
    - RCT-Folly (= 2021.06.28.00-v2)
    - RCTTypeSafety (= 0.69.0-rc.1)
    - React-Codegen (= 0.69.0-rc.1)
    - React-Core/CoreModulesHeaders (= 0.69.0-rc.1)
    - React-jsi (= 0.69.0-rc.1)
    - React-RCTImage (= 0.69.0-rc.1)
    - ReactCommon/turbomodule/core (= 0.69.0-rc.1)
  - React-cxxreact (0.69.0-rc.1):
    - boost (= 1.76.0)
    - DoubleConversion
    - glog
    - RCT-Folly (= 2021.06.28.00-v2)
    - React-callinvoker (= 0.69.0-rc.1)
    - React-jsi (= 0.69.0-rc.1)
    - React-jsinspector (= 0.69.0-rc.1)
    - React-logger (= 0.69.0-rc.1)
    - React-perflogger (= 0.69.0-rc.1)
    - React-runtimeexecutor (= 0.69.0-rc.1)
  - React-Fabric (0.69.0-rc.1):
    - RCT-Folly/Fabric (= 2021.06.28.00-v2)
    - RCTRequired (= 0.69.0-rc.1)
    - RCTTypeSafety (= 0.69.0-rc.1)
    - React-Fabric/animations (= 0.69.0-rc.1)
    - React-Fabric/attributedstring (= 0.69.0-rc.1)
    - React-Fabric/butter (= 0.69.0-rc.1)
    - React-Fabric/componentregistry (= 0.69.0-rc.1)
    - React-Fabric/componentregistrynative (= 0.69.0-rc.1)
    - React-Fabric/components (= 0.69.0-rc.1)
    - React-Fabric/config (= 0.69.0-rc.1)
    - React-Fabric/core (= 0.69.0-rc.1)
    - React-Fabric/debug_core (= 0.69.0-rc.1)
    - React-Fabric/debug_renderer (= 0.69.0-rc.1)
    - React-Fabric/imagemanager (= 0.69.0-rc.1)
    - React-Fabric/leakchecker (= 0.69.0-rc.1)
    - React-Fabric/mounting (= 0.69.0-rc.1)
    - React-Fabric/runtimescheduler (= 0.69.0-rc.1)
    - React-Fabric/scheduler (= 0.69.0-rc.1)
    - React-Fabric/telemetry (= 0.69.0-rc.1)
    - React-Fabric/templateprocessor (= 0.69.0-rc.1)
    - React-Fabric/textlayoutmanager (= 0.69.0-rc.1)
    - React-Fabric/uimanager (= 0.69.0-rc.1)
    - React-Fabric/utils (= 0.69.0-rc.1)
    - React-graphics (= 0.69.0-rc.1)
    - React-jsi (= 0.69.0-rc.1)
    - React-jsiexecutor (= 0.69.0-rc.1)
    - ReactCommon/turbomodule/core (= 0.69.0-rc.1)
  - React-Fabric/animations (0.69.0-rc.1):
    - RCT-Folly/Fabric (= 2021.06.28.00-v2)
    - RCTRequired (= 0.69.0-rc.1)
    - RCTTypeSafety (= 0.69.0-rc.1)
    - React-graphics (= 0.69.0-rc.1)
    - React-jsi (= 0.69.0-rc.1)
    - React-jsiexecutor (= 0.69.0-rc.1)
    - ReactCommon/turbomodule/core (= 0.69.0-rc.1)
  - React-Fabric/attributedstring (0.69.0-rc.1):
    - RCT-Folly/Fabric (= 2021.06.28.00-v2)
    - RCTRequired (= 0.69.0-rc.1)
    - RCTTypeSafety (= 0.69.0-rc.1)
    - React-graphics (= 0.69.0-rc.1)
    - React-jsi (= 0.69.0-rc.1)
    - React-jsiexecutor (= 0.69.0-rc.1)
    - ReactCommon/turbomodule/core (= 0.69.0-rc.1)
  - React-Fabric/butter (0.69.0-rc.1):
    - RCT-Folly/Fabric (= 2021.06.28.00-v2)
    - RCTRequired (= 0.69.0-rc.1)
    - RCTTypeSafety (= 0.69.0-rc.1)
    - React-graphics (= 0.69.0-rc.1)
    - React-jsi (= 0.69.0-rc.1)
    - React-jsiexecutor (= 0.69.0-rc.1)
    - ReactCommon/turbomodule/core (= 0.69.0-rc.1)
  - React-Fabric/componentregistry (0.69.0-rc.1):
    - RCT-Folly/Fabric (= 2021.06.28.00-v2)
    - RCTRequired (= 0.69.0-rc.1)
    - RCTTypeSafety (= 0.69.0-rc.1)
    - React-graphics (= 0.69.0-rc.1)
    - React-jsi (= 0.69.0-rc.1)
    - React-jsiexecutor (= 0.69.0-rc.1)
    - ReactCommon/turbomodule/core (= 0.69.0-rc.1)
  - React-Fabric/componentregistrynative (0.69.0-rc.1):
    - RCT-Folly/Fabric (= 2021.06.28.00-v2)
    - RCTRequired (= 0.69.0-rc.1)
    - RCTTypeSafety (= 0.69.0-rc.1)
    - React-graphics (= 0.69.0-rc.1)
    - React-jsi (= 0.69.0-rc.1)
    - React-jsiexecutor (= 0.69.0-rc.1)
    - ReactCommon/turbomodule/core (= 0.69.0-rc.1)
  - React-Fabric/components (0.69.0-rc.1):
    - RCT-Folly/Fabric (= 2021.06.28.00-v2)
    - RCTRequired (= 0.69.0-rc.1)
    - RCTTypeSafety (= 0.69.0-rc.1)
    - React-Fabric/components/activityindicator (= 0.69.0-rc.1)
    - React-Fabric/components/image (= 0.69.0-rc.1)
    - React-Fabric/components/inputaccessory (= 0.69.0-rc.1)
    - React-Fabric/components/legacyviewmanagerinterop (= 0.69.0-rc.1)
    - React-Fabric/components/modal (= 0.69.0-rc.1)
    - React-Fabric/components/root (= 0.69.0-rc.1)
    - React-Fabric/components/safeareaview (= 0.69.0-rc.1)
    - React-Fabric/components/scrollview (= 0.69.0-rc.1)
    - React-Fabric/components/slider (= 0.69.0-rc.1)
    - React-Fabric/components/text (= 0.69.0-rc.1)
    - React-Fabric/components/textinput (= 0.69.0-rc.1)
    - React-Fabric/components/unimplementedview (= 0.69.0-rc.1)
    - React-Fabric/components/view (= 0.69.0-rc.1)
    - React-graphics (= 0.69.0-rc.1)
    - React-jsi (= 0.69.0-rc.1)
    - React-jsiexecutor (= 0.69.0-rc.1)
    - ReactCommon/turbomodule/core (= 0.69.0-rc.1)
  - React-Fabric/components/activityindicator (0.69.0-rc.1):
    - RCT-Folly/Fabric (= 2021.06.28.00-v2)
    - RCTRequired (= 0.69.0-rc.1)
    - RCTTypeSafety (= 0.69.0-rc.1)
    - React-graphics (= 0.69.0-rc.1)
    - React-jsi (= 0.69.0-rc.1)
    - React-jsiexecutor (= 0.69.0-rc.1)
    - ReactCommon/turbomodule/core (= 0.69.0-rc.1)
  - React-Fabric/components/image (0.69.0-rc.1):
    - RCT-Folly/Fabric (= 2021.06.28.00-v2)
    - RCTRequired (= 0.69.0-rc.1)
    - RCTTypeSafety (= 0.69.0-rc.1)
    - React-graphics (= 0.69.0-rc.1)
    - React-jsi (= 0.69.0-rc.1)
    - React-jsiexecutor (= 0.69.0-rc.1)
    - ReactCommon/turbomodule/core (= 0.69.0-rc.1)
  - React-Fabric/components/inputaccessory (0.69.0-rc.1):
    - RCT-Folly/Fabric (= 2021.06.28.00-v2)
    - RCTRequired (= 0.69.0-rc.1)
    - RCTTypeSafety (= 0.69.0-rc.1)
    - React-graphics (= 0.69.0-rc.1)
    - React-jsi (= 0.69.0-rc.1)
    - React-jsiexecutor (= 0.69.0-rc.1)
    - ReactCommon/turbomodule/core (= 0.69.0-rc.1)
  - React-Fabric/components/legacyviewmanagerinterop (0.69.0-rc.1):
    - RCT-Folly/Fabric (= 2021.06.28.00-v2)
    - RCTRequired (= 0.69.0-rc.1)
    - RCTTypeSafety (= 0.69.0-rc.1)
    - React-graphics (= 0.69.0-rc.1)
    - React-jsi (= 0.69.0-rc.1)
    - React-jsiexecutor (= 0.69.0-rc.1)
    - ReactCommon/turbomodule/core (= 0.69.0-rc.1)
  - React-Fabric/components/modal (0.69.0-rc.1):
    - RCT-Folly/Fabric (= 2021.06.28.00-v2)
    - RCTRequired (= 0.69.0-rc.1)
    - RCTTypeSafety (= 0.69.0-rc.1)
    - React-graphics (= 0.69.0-rc.1)
    - React-jsi (= 0.69.0-rc.1)
    - React-jsiexecutor (= 0.69.0-rc.1)
    - ReactCommon/turbomodule/core (= 0.69.0-rc.1)
  - React-Fabric/components/root (0.69.0-rc.1):
    - RCT-Folly/Fabric (= 2021.06.28.00-v2)
    - RCTRequired (= 0.69.0-rc.1)
    - RCTTypeSafety (= 0.69.0-rc.1)
    - React-graphics (= 0.69.0-rc.1)
    - React-jsi (= 0.69.0-rc.1)
    - React-jsiexecutor (= 0.69.0-rc.1)
    - ReactCommon/turbomodule/core (= 0.69.0-rc.1)
  - React-Fabric/components/safeareaview (0.69.0-rc.1):
    - RCT-Folly/Fabric (= 2021.06.28.00-v2)
    - RCTRequired (= 0.69.0-rc.1)
    - RCTTypeSafety (= 0.69.0-rc.1)
    - React-graphics (= 0.69.0-rc.1)
    - React-jsi (= 0.69.0-rc.1)
    - React-jsiexecutor (= 0.69.0-rc.1)
    - ReactCommon/turbomodule/core (= 0.69.0-rc.1)
  - React-Fabric/components/scrollview (0.69.0-rc.1):
    - RCT-Folly/Fabric (= 2021.06.28.00-v2)
    - RCTRequired (= 0.69.0-rc.1)
    - RCTTypeSafety (= 0.69.0-rc.1)
    - React-graphics (= 0.69.0-rc.1)
    - React-jsi (= 0.69.0-rc.1)
    - React-jsiexecutor (= 0.69.0-rc.1)
    - ReactCommon/turbomodule/core (= 0.69.0-rc.1)
  - React-Fabric/components/slider (0.69.0-rc.1):
    - RCT-Folly/Fabric (= 2021.06.28.00-v2)
    - RCTRequired (= 0.69.0-rc.1)
    - RCTTypeSafety (= 0.69.0-rc.1)
    - React-graphics (= 0.69.0-rc.1)
    - React-jsi (= 0.69.0-rc.1)
    - React-jsiexecutor (= 0.69.0-rc.1)
    - ReactCommon/turbomodule/core (= 0.69.0-rc.1)
  - React-Fabric/components/text (0.69.0-rc.1):
    - RCT-Folly/Fabric (= 2021.06.28.00-v2)
    - RCTRequired (= 0.69.0-rc.1)
    - RCTTypeSafety (= 0.69.0-rc.1)
    - React-graphics (= 0.69.0-rc.1)
    - React-jsi (= 0.69.0-rc.1)
    - React-jsiexecutor (= 0.69.0-rc.1)
    - ReactCommon/turbomodule/core (= 0.69.0-rc.1)
  - React-Fabric/components/textinput (0.69.0-rc.1):
    - RCT-Folly/Fabric (= 2021.06.28.00-v2)
    - RCTRequired (= 0.69.0-rc.1)
    - RCTTypeSafety (= 0.69.0-rc.1)
    - React-graphics (= 0.69.0-rc.1)
    - React-jsi (= 0.69.0-rc.1)
    - React-jsiexecutor (= 0.69.0-rc.1)
    - ReactCommon/turbomodule/core (= 0.69.0-rc.1)
  - React-Fabric/components/unimplementedview (0.69.0-rc.1):
    - RCT-Folly/Fabric (= 2021.06.28.00-v2)
    - RCTRequired (= 0.69.0-rc.1)
    - RCTTypeSafety (= 0.69.0-rc.1)
    - React-graphics (= 0.69.0-rc.1)
    - React-jsi (= 0.69.0-rc.1)
    - React-jsiexecutor (= 0.69.0-rc.1)
    - ReactCommon/turbomodule/core (= 0.69.0-rc.1)
  - React-Fabric/components/view (0.69.0-rc.1):
    - RCT-Folly/Fabric (= 2021.06.28.00-v2)
    - RCTRequired (= 0.69.0-rc.1)
    - RCTTypeSafety (= 0.69.0-rc.1)
    - React-graphics (= 0.69.0-rc.1)
    - React-jsi (= 0.69.0-rc.1)
    - React-jsiexecutor (= 0.69.0-rc.1)
    - ReactCommon/turbomodule/core (= 0.69.0-rc.1)
    - Yoga
  - React-Fabric/config (0.69.0-rc.1):
    - RCT-Folly/Fabric (= 2021.06.28.00-v2)
    - RCTRequired (= 0.69.0-rc.1)
    - RCTTypeSafety (= 0.69.0-rc.1)
    - React-graphics (= 0.69.0-rc.1)
    - React-jsi (= 0.69.0-rc.1)
    - React-jsiexecutor (= 0.69.0-rc.1)
    - ReactCommon/turbomodule/core (= 0.69.0-rc.1)
  - React-Fabric/core (0.69.0-rc.1):
    - RCT-Folly/Fabric (= 2021.06.28.00-v2)
    - RCTRequired (= 0.69.0-rc.1)
    - RCTTypeSafety (= 0.69.0-rc.1)
    - React-graphics (= 0.69.0-rc.1)
    - React-jsi (= 0.69.0-rc.1)
    - React-jsiexecutor (= 0.69.0-rc.1)
    - ReactCommon/turbomodule/core (= 0.69.0-rc.1)
  - React-Fabric/debug_core (0.69.0-rc.1):
    - RCT-Folly/Fabric (= 2021.06.28.00-v2)
    - RCTRequired (= 0.69.0-rc.1)
    - RCTTypeSafety (= 0.69.0-rc.1)
    - React-graphics (= 0.69.0-rc.1)
    - React-jsi (= 0.69.0-rc.1)
    - React-jsiexecutor (= 0.69.0-rc.1)
    - ReactCommon/turbomodule/core (= 0.69.0-rc.1)
  - React-Fabric/debug_renderer (0.69.0-rc.1):
    - RCT-Folly/Fabric (= 2021.06.28.00-v2)
    - RCTRequired (= 0.69.0-rc.1)
    - RCTTypeSafety (= 0.69.0-rc.1)
    - React-graphics (= 0.69.0-rc.1)
    - React-jsi (= 0.69.0-rc.1)
    - React-jsiexecutor (= 0.69.0-rc.1)
    - ReactCommon/turbomodule/core (= 0.69.0-rc.1)
  - React-Fabric/imagemanager (0.69.0-rc.1):
    - RCT-Folly/Fabric (= 2021.06.28.00-v2)
    - RCTRequired (= 0.69.0-rc.1)
    - RCTTypeSafety (= 0.69.0-rc.1)
    - React-graphics (= 0.69.0-rc.1)
    - React-jsi (= 0.69.0-rc.1)
    - React-jsiexecutor (= 0.69.0-rc.1)
    - React-RCTImage (= 0.69.0-rc.1)
    - ReactCommon/turbomodule/core (= 0.69.0-rc.1)
  - React-Fabric/leakchecker (0.69.0-rc.1):
    - RCT-Folly/Fabric (= 2021.06.28.00-v2)
    - RCTRequired (= 0.69.0-rc.1)
    - RCTTypeSafety (= 0.69.0-rc.1)
    - React-graphics (= 0.69.0-rc.1)
    - React-jsi (= 0.69.0-rc.1)
    - React-jsiexecutor (= 0.69.0-rc.1)
    - ReactCommon/turbomodule/core (= 0.69.0-rc.1)
  - React-Fabric/mounting (0.69.0-rc.1):
    - RCT-Folly/Fabric (= 2021.06.28.00-v2)
    - RCTRequired (= 0.69.0-rc.1)
    - RCTTypeSafety (= 0.69.0-rc.1)
    - React-graphics (= 0.69.0-rc.1)
    - React-jsi (= 0.69.0-rc.1)
    - React-jsiexecutor (= 0.69.0-rc.1)
    - ReactCommon/turbomodule/core (= 0.69.0-rc.1)
  - React-Fabric/runtimescheduler (0.69.0-rc.1):
    - RCT-Folly/Fabric (= 2021.06.28.00-v2)
    - RCTRequired (= 0.69.0-rc.1)
    - RCTTypeSafety (= 0.69.0-rc.1)
    - React-graphics (= 0.69.0-rc.1)
    - React-jsi (= 0.69.0-rc.1)
    - React-jsiexecutor (= 0.69.0-rc.1)
    - ReactCommon/turbomodule/core (= 0.69.0-rc.1)
  - React-Fabric/scheduler (0.69.0-rc.1):
    - RCT-Folly/Fabric (= 2021.06.28.00-v2)
    - RCTRequired (= 0.69.0-rc.1)
    - RCTTypeSafety (= 0.69.0-rc.1)
    - React-graphics (= 0.69.0-rc.1)
    - React-jsi (= 0.69.0-rc.1)
    - React-jsiexecutor (= 0.69.0-rc.1)
    - ReactCommon/turbomodule/core (= 0.69.0-rc.1)
  - React-Fabric/telemetry (0.69.0-rc.1):
    - RCT-Folly/Fabric (= 2021.06.28.00-v2)
    - RCTRequired (= 0.69.0-rc.1)
    - RCTTypeSafety (= 0.69.0-rc.1)
    - React-graphics (= 0.69.0-rc.1)
    - React-jsi (= 0.69.0-rc.1)
    - React-jsiexecutor (= 0.69.0-rc.1)
    - ReactCommon/turbomodule/core (= 0.69.0-rc.1)
  - React-Fabric/templateprocessor (0.69.0-rc.1):
    - RCT-Folly/Fabric (= 2021.06.28.00-v2)
    - RCTRequired (= 0.69.0-rc.1)
    - RCTTypeSafety (= 0.69.0-rc.1)
    - React-graphics (= 0.69.0-rc.1)
    - React-jsi (= 0.69.0-rc.1)
    - React-jsiexecutor (= 0.69.0-rc.1)
    - ReactCommon/turbomodule/core (= 0.69.0-rc.1)
  - React-Fabric/textlayoutmanager (0.69.0-rc.1):
    - RCT-Folly/Fabric (= 2021.06.28.00-v2)
    - RCTRequired (= 0.69.0-rc.1)
    - RCTTypeSafety (= 0.69.0-rc.1)
    - React-Fabric/uimanager
    - React-graphics (= 0.69.0-rc.1)
    - React-jsi (= 0.69.0-rc.1)
    - React-jsiexecutor (= 0.69.0-rc.1)
    - ReactCommon/turbomodule/core (= 0.69.0-rc.1)
  - React-Fabric/uimanager (0.69.0-rc.1):
    - RCT-Folly/Fabric (= 2021.06.28.00-v2)
    - RCTRequired (= 0.69.0-rc.1)
    - RCTTypeSafety (= 0.69.0-rc.1)
    - React-graphics (= 0.69.0-rc.1)
    - React-jsi (= 0.69.0-rc.1)
    - React-jsiexecutor (= 0.69.0-rc.1)
    - ReactCommon/turbomodule/core (= 0.69.0-rc.1)
  - React-Fabric/utils (0.69.0-rc.1):
    - RCT-Folly/Fabric (= 2021.06.28.00-v2)
    - RCTRequired (= 0.69.0-rc.1)
    - RCTTypeSafety (= 0.69.0-rc.1)
    - React-graphics (= 0.69.0-rc.1)
    - React-jsi (= 0.69.0-rc.1)
    - React-jsiexecutor (= 0.69.0-rc.1)
    - ReactCommon/turbomodule/core (= 0.69.0-rc.1)
  - React-graphics (0.69.0-rc.1):
    - RCT-Folly/Fabric (= 2021.06.28.00-v2)
    - React-Core/Default (= 0.69.0-rc.1)
  - React-hermes (0.69.0-rc.1):
    - DoubleConversion
    - glog
    - hermes-engine
    - RCT-Folly (= 2021.06.28.00-v2)
    - RCT-Folly/Futures (= 2021.06.28.00-v2)
    - React-cxxreact (= 0.69.0-rc.1)
    - React-jsi (= 0.69.0-rc.1)
    - React-jsiexecutor (= 0.69.0-rc.1)
    - React-jsinspector (= 0.69.0-rc.1)
    - React-perflogger (= 0.69.0-rc.1)
  - React-jsi (0.69.0-rc.1):
    - boost (= 1.76.0)
    - DoubleConversion
    - glog
    - RCT-Folly (= 2021.06.28.00-v2)
    - React-jsi/Default (= 0.69.0-rc.1)
  - React-jsi/Default (0.69.0-rc.1):
    - boost (= 1.76.0)
    - DoubleConversion
    - glog
    - RCT-Folly (= 2021.06.28.00-v2)
  - React-jsi/Fabric (0.69.0-rc.1):
    - boost (= 1.76.0)
    - DoubleConversion
    - glog
    - RCT-Folly (= 2021.06.28.00-v2)
  - React-jsiexecutor (0.69.0-rc.1):
    - DoubleConversion
    - glog
    - RCT-Folly (= 2021.06.28.00-v2)
    - React-cxxreact (= 0.69.0-rc.1)
    - React-jsi (= 0.69.0-rc.1)
    - React-perflogger (= 0.69.0-rc.1)
  - React-jsinspector (0.69.0-rc.1)
  - React-logger (0.69.0-rc.1):
    - glog
  - react-native-safe-area-context (4.2.5):
    - RCT-Folly
    - RCTRequired
    - RCTTypeSafety
    - React
    - react-native-safe-area-context/common (= 4.2.5)
    - react-native-safe-area-context/fabric (= 4.2.5)
    - ReactCommon/turbomodule/core
  - react-native-safe-area-context/common (4.2.5):
    - RCT-Folly
    - RCTRequired
    - RCTTypeSafety
    - React
    - ReactCommon/turbomodule/core
  - react-native-safe-area-context/fabric (4.2.5):
    - RCT-Folly
    - RCTRequired
    - RCTTypeSafety
    - React
    - React-Codegen
    - react-native-safe-area-context/common
    - React-RCTFabric
    - ReactCommon/turbomodule/core
  - React-perflogger (0.69.0-rc.1)
  - React-RCTActionSheet (0.69.0-rc.1):
    - React-Core/RCTActionSheetHeaders (= 0.69.0-rc.1)
  - React-RCTAnimation (0.69.0-rc.1):
    - RCT-Folly (= 2021.06.28.00-v2)
    - RCTTypeSafety (= 0.69.0-rc.1)
    - React-Codegen (= 0.69.0-rc.1)
    - React-Core/RCTAnimationHeaders (= 0.69.0-rc.1)
    - React-jsi (= 0.69.0-rc.1)
    - ReactCommon/turbomodule/core (= 0.69.0-rc.1)
  - React-RCTBlob (0.69.0-rc.1):
    - RCT-Folly (= 2021.06.28.00-v2)
    - React-Codegen (= 0.69.0-rc.1)
    - React-Core/RCTBlobHeaders (= 0.69.0-rc.1)
    - React-Core/RCTWebSocket (= 0.69.0-rc.1)
    - React-jsi (= 0.69.0-rc.1)
    - React-RCTNetwork (= 0.69.0-rc.1)
    - ReactCommon/turbomodule/core (= 0.69.0-rc.1)
  - React-RCTFabric (0.69.0-rc.1):
    - RCT-Folly/Fabric (= 2021.06.28.00-v2)
    - React-Core (= 0.69.0-rc.1)
    - React-Fabric (= 0.69.0-rc.1)
    - React-RCTImage (= 0.69.0-rc.1)
  - React-RCTImage (0.69.0-rc.1):
    - RCT-Folly (= 2021.06.28.00-v2)
    - RCTTypeSafety (= 0.69.0-rc.1)
    - React-Codegen (= 0.69.0-rc.1)
    - React-Core/RCTImageHeaders (= 0.69.0-rc.1)
    - React-jsi (= 0.69.0-rc.1)
    - React-RCTNetwork (= 0.69.0-rc.1)
    - ReactCommon/turbomodule/core (= 0.69.0-rc.1)
  - React-RCTLinking (0.69.0-rc.1):
    - React-Codegen (= 0.69.0-rc.1)
    - React-Core/RCTLinkingHeaders (= 0.69.0-rc.1)
    - React-jsi (= 0.69.0-rc.1)
    - ReactCommon/turbomodule/core (= 0.69.0-rc.1)
  - React-RCTNetwork (0.69.0-rc.1):
    - RCT-Folly (= 2021.06.28.00-v2)
    - RCTTypeSafety (= 0.69.0-rc.1)
    - React-Codegen (= 0.69.0-rc.1)
    - React-Core/RCTNetworkHeaders (= 0.69.0-rc.1)
    - React-jsi (= 0.69.0-rc.1)
    - ReactCommon/turbomodule/core (= 0.69.0-rc.1)
  - React-RCTSettings (0.69.0-rc.1):
    - RCT-Folly (= 2021.06.28.00-v2)
    - RCTTypeSafety (= 0.69.0-rc.1)
    - React-Codegen (= 0.69.0-rc.1)
    - React-Core/RCTSettingsHeaders (= 0.69.0-rc.1)
    - React-jsi (= 0.69.0-rc.1)
    - ReactCommon/turbomodule/core (= 0.69.0-rc.1)
  - React-RCTText (0.69.0-rc.1):
    - React-Core/RCTTextHeaders (= 0.69.0-rc.1)
  - React-RCTVibration (0.69.0-rc.1):
    - RCT-Folly (= 2021.06.28.00-v2)
    - React-Codegen (= 0.69.0-rc.1)
    - React-Core/RCTVibrationHeaders (= 0.69.0-rc.1)
    - React-jsi (= 0.69.0-rc.1)
    - ReactCommon/turbomodule/core (= 0.69.0-rc.1)
  - React-rncore (0.69.0-rc.1)
  - React-runtimeexecutor (0.69.0-rc.1):
    - React-jsi (= 0.69.0-rc.1)
  - ReactCommon/turbomodule/core (0.69.0-rc.1):
    - DoubleConversion
    - glog
    - RCT-Folly (= 2021.06.28.00-v2)
    - React-bridging (= 0.69.0-rc.1)
    - React-callinvoker (= 0.69.0-rc.1)
    - React-Core (= 0.69.0-rc.1)
    - React-cxxreact (= 0.69.0-rc.1)
    - React-jsi (= 0.69.0-rc.1)
    - React-logger (= 0.69.0-rc.1)
    - React-perflogger (= 0.69.0-rc.1)
  - RNGestureHandler (2.4.2):
    - RCT-Folly (= 2021.06.28.00-v2)
    - RCTRequired
    - RCTTypeSafety
    - React
    - React-Codegen
    - React-RCTFabric
    - ReactCommon/turbomodule/core
  - RNScreens (3.13.1):
    - RCT-Folly (= 2021.06.28.00-v2)
    - RCTRequired
    - RCTTypeSafety
    - React
    - React-Codegen
    - React-RCTFabric
    - ReactCommon/turbomodule/core
    - RNScreens/common (= 3.13.1)
  - RNScreens/common (3.13.1):
    - RCT-Folly (= 2021.06.28.00-v2)
    - RCTRequired
    - RCTTypeSafety
    - React
    - React-Codegen
    - React-RCTFabric
    - ReactCommon/turbomodule/core
  - SocketRocket (0.6.0)
  - Yoga (1.14.0)
  - YogaKit (1.18.1):
    - Yoga (~> 1.14)

DEPENDENCIES:
  - boost (from `../node_modules/react-native/third-party-podspecs/boost.podspec`)
  - DoubleConversion (from `../node_modules/react-native/third-party-podspecs/DoubleConversion.podspec`)
  - FBLazyVector (from `../node_modules/react-native/Libraries/FBLazyVector`)
  - FBReactNativeSpec (from `../node_modules/react-native/React/FBReactNativeSpec`)
  - Flipper (= 0.125.0)
  - Flipper-Boost-iOSX (= 1.76.0.1.11)
  - Flipper-DoubleConversion (= 3.2.0)
  - Flipper-Fmt (= 7.1.7)
  - Flipper-Folly (= 2.6.10)
  - Flipper-Glog (= 0.5.0.4)
  - Flipper-PeerTalk (= 0.0.4)
  - Flipper-RSocket (= 1.4.3)
  - FlipperKit (= 0.125.0)
  - FlipperKit/Core (= 0.125.0)
  - FlipperKit/CppBridge (= 0.125.0)
  - FlipperKit/FBCxxFollyDynamicConvert (= 0.125.0)
  - FlipperKit/FBDefines (= 0.125.0)
  - FlipperKit/FKPortForwarding (= 0.125.0)
  - FlipperKit/FlipperKitHighlightOverlay (= 0.125.0)
  - FlipperKit/FlipperKitLayoutPlugin (= 0.125.0)
  - FlipperKit/FlipperKitLayoutTextSearchable (= 0.125.0)
  - FlipperKit/FlipperKitNetworkPlugin (= 0.125.0)
  - FlipperKit/FlipperKitReactPlugin (= 0.125.0)
  - FlipperKit/FlipperKitUserDefaultsPlugin (= 0.125.0)
  - FlipperKit/SKIOSNetworkPlugin (= 0.125.0)
  - glog (from `../node_modules/react-native/third-party-podspecs/glog.podspec`)
  - hermes-engine (from `../node_modules/react-native/sdks/hermes/hermes-engine.podspec`)
  - libevent (~> 2.1.12)
  - OpenSSL-Universal (= 1.1.1100)
  - RCT-Folly (from `../node_modules/react-native/third-party-podspecs/RCT-Folly.podspec`)
  - RCT-Folly/Fabric (from `../node_modules/react-native/third-party-podspecs/RCT-Folly.podspec`)
  - RCTRequired (from `../node_modules/react-native/Libraries/RCTRequired`)
  - RCTTypeSafety (from `../node_modules/react-native/Libraries/TypeSafety`)
  - React (from `../node_modules/react-native/`)
  - React-bridging (from `../node_modules/react-native/ReactCommon/react/bridging`)
  - React-callinvoker (from `../node_modules/react-native/ReactCommon/callinvoker`)
  - React-Codegen (from `build/generated/ios`)
  - React-Core (from `../node_modules/react-native/`)
  - React-Core/DevSupport (from `../node_modules/react-native/`)
  - React-Core/RCTWebSocket (from `../node_modules/react-native/`)
  - React-CoreModules (from `../node_modules/react-native/React/CoreModules`)
  - React-cxxreact (from `../node_modules/react-native/ReactCommon/cxxreact`)
  - React-Fabric (from `../node_modules/react-native/ReactCommon`)
  - React-graphics (from `../node_modules/react-native/ReactCommon/react/renderer/graphics`)
  - React-hermes (from `../node_modules/react-native/ReactCommon/hermes`)
  - React-jsi (from `../node_modules/react-native/ReactCommon/jsi`)
  - React-jsi/Fabric (from `../node_modules/react-native/ReactCommon/jsi`)
  - React-jsiexecutor (from `../node_modules/react-native/ReactCommon/jsiexecutor`)
  - React-jsinspector (from `../node_modules/react-native/ReactCommon/jsinspector`)
  - React-logger (from `../node_modules/react-native/ReactCommon/logger`)
  - react-native-safe-area-context (from `../node_modules/react-native-safe-area-context`)
  - React-perflogger (from `../node_modules/react-native/ReactCommon/reactperflogger`)
  - React-RCTActionSheet (from `../node_modules/react-native/Libraries/ActionSheetIOS`)
  - React-RCTAnimation (from `../node_modules/react-native/Libraries/NativeAnimation`)
  - React-RCTBlob (from `../node_modules/react-native/Libraries/Blob`)
  - React-RCTFabric (from `../node_modules/react-native/React`)
  - React-RCTImage (from `../node_modules/react-native/Libraries/Image`)
  - React-RCTLinking (from `../node_modules/react-native/Libraries/LinkingIOS`)
  - React-RCTNetwork (from `../node_modules/react-native/Libraries/Network`)
  - React-RCTSettings (from `../node_modules/react-native/Libraries/Settings`)
  - React-RCTText (from `../node_modules/react-native/Libraries/Text`)
  - React-RCTVibration (from `../node_modules/react-native/Libraries/Vibration`)
  - React-rncore (from `../node_modules/react-native/ReactCommon`)
  - React-runtimeexecutor (from `../node_modules/react-native/ReactCommon/runtimeexecutor`)
  - ReactCommon/turbomodule/core (from `../node_modules/react-native/ReactCommon`)
  - RNGestureHandler (from `../..`)
  - RNScreens (from `../node_modules/react-native-screens`)
  - Yoga (from `../node_modules/react-native/ReactCommon/yoga`)

SPEC REPOS:
  trunk:
    - CocoaAsyncSocket
    - Flipper
    - Flipper-Boost-iOSX
    - Flipper-DoubleConversion
    - Flipper-Fmt
    - Flipper-Folly
    - Flipper-Glog
    - Flipper-PeerTalk
    - Flipper-RSocket
    - FlipperKit
    - fmt
    - libevent
    - OpenSSL-Universal
    - SocketRocket
    - YogaKit

EXTERNAL SOURCES:
  boost:
    :podspec: "../node_modules/react-native/third-party-podspecs/boost.podspec"
  DoubleConversion:
    :podspec: "../node_modules/react-native/third-party-podspecs/DoubleConversion.podspec"
  FBLazyVector:
    :path: "../node_modules/react-native/Libraries/FBLazyVector"
  FBReactNativeSpec:
    :path: "../node_modules/react-native/React/FBReactNativeSpec"
  glog:
    :podspec: "../node_modules/react-native/third-party-podspecs/glog.podspec"
  hermes-engine:
    :path: "../node_modules/react-native/sdks/hermes/hermes-engine.podspec"
  RCT-Folly:
    :podspec: "../node_modules/react-native/third-party-podspecs/RCT-Folly.podspec"
  RCTRequired:
    :path: "../node_modules/react-native/Libraries/RCTRequired"
  RCTTypeSafety:
    :path: "../node_modules/react-native/Libraries/TypeSafety"
  React:
    :path: "../node_modules/react-native/"
  React-bridging:
    :path: "../node_modules/react-native/ReactCommon/react/bridging"
  React-callinvoker:
    :path: "../node_modules/react-native/ReactCommon/callinvoker"
  React-Codegen:
    :path: build/generated/ios
  React-Core:
    :path: "../node_modules/react-native/"
  React-CoreModules:
    :path: "../node_modules/react-native/React/CoreModules"
  React-cxxreact:
    :path: "../node_modules/react-native/ReactCommon/cxxreact"
  React-Fabric:
    :path: "../node_modules/react-native/ReactCommon"
  React-graphics:
    :path: "../node_modules/react-native/ReactCommon/react/renderer/graphics"
  React-hermes:
    :path: "../node_modules/react-native/ReactCommon/hermes"
  React-jsi:
    :path: "../node_modules/react-native/ReactCommon/jsi"
  React-jsiexecutor:
    :path: "../node_modules/react-native/ReactCommon/jsiexecutor"
  React-jsinspector:
    :path: "../node_modules/react-native/ReactCommon/jsinspector"
  React-logger:
    :path: "../node_modules/react-native/ReactCommon/logger"
  react-native-safe-area-context:
    :path: "../node_modules/react-native-safe-area-context"
  React-perflogger:
    :path: "../node_modules/react-native/ReactCommon/reactperflogger"
  React-RCTActionSheet:
    :path: "../node_modules/react-native/Libraries/ActionSheetIOS"
  React-RCTAnimation:
    :path: "../node_modules/react-native/Libraries/NativeAnimation"
  React-RCTBlob:
    :path: "../node_modules/react-native/Libraries/Blob"
  React-RCTFabric:
    :path: "../node_modules/react-native/React"
  React-RCTImage:
    :path: "../node_modules/react-native/Libraries/Image"
  React-RCTLinking:
    :path: "../node_modules/react-native/Libraries/LinkingIOS"
  React-RCTNetwork:
    :path: "../node_modules/react-native/Libraries/Network"
  React-RCTSettings:
    :path: "../node_modules/react-native/Libraries/Settings"
  React-RCTText:
    :path: "../node_modules/react-native/Libraries/Text"
  React-RCTVibration:
    :path: "../node_modules/react-native/Libraries/Vibration"
  React-rncore:
    :path: "../node_modules/react-native/ReactCommon"
  React-runtimeexecutor:
    :path: "../node_modules/react-native/ReactCommon/runtimeexecutor"
  ReactCommon:
    :path: "../node_modules/react-native/ReactCommon"
  RNGestureHandler:
    :path: "../.."
  RNScreens:
    :path: "../node_modules/react-native-screens"
  Yoga:
    :path: "../node_modules/react-native/ReactCommon/yoga"

SPEC CHECKSUMS:
  boost: a7c83b31436843459a1961bfd74b96033dc77234
  CocoaAsyncSocket: 065fd1e645c7abab64f7a6a2007a48038fdc6a99
  DoubleConversion: 5189b271737e1565bdce30deb4a08d647e3f5f54
  FBLazyVector: ebd50f78de7b831a0f8db71e1fee24051bc39e6d
  FBReactNativeSpec: dd64fca32b5ebc33d70b5d482715fc099600efd3
  Flipper: 26fc4b7382499f1281eb8cb921e5c3ad6de91fe0
  Flipper-Boost-iOSX: fd1e2b8cbef7e662a122412d7ac5f5bea715403c
  Flipper-DoubleConversion: 3d3d04a078d4f3a1b6c6916587f159dc11f232c4
  Flipper-Fmt: 60cbdd92fc254826e61d669a5d87ef7015396a9b
  Flipper-Folly: 584845625005ff068a6ebf41f857f468decd26b3
  Flipper-Glog: 87bc98ff48de90cb5b0b5114ed3da79d85ee2dd4
  Flipper-PeerTalk: 116d8f857dc6ef55c7a5a75ea3ceaafe878aadc9
  Flipper-RSocket: d9d9ade67cbecf6ac10730304bf5607266dd2541
  FlipperKit: cbdee19bdd4e7f05472a66ce290f1b729ba3cb86
  fmt: ff9d55029c625d3757ed641535fd4a75fedc7ce9
  glog: 3d02b25ca00c2d456734d0bcff864cbc62f6ae1a
  hermes-engine: cab0cfe470f1c52dde999c3f51009acd1db78368
  libevent: 4049cae6c81cdb3654a443be001fb9bdceff7913
  OpenSSL-Universal: ebc357f1e6bc71fa463ccb2fe676756aff50e88c
  RCT-Folly: 4d8508a426467c48885f1151029bc15fa5d7b3b8
  RCTRequired: 93eb88d54c2fad4f779877f0836fcd3e6bc71b8d
  RCTTypeSafety: 8ea36acb9ac70a30adbd964bf550596cd7952c9c
  React: 40548ed04abc49d40eb1d70f2876b8f2489a4841
  React-bridging: 94a97b33a8b1cd6a67b7fbd6ea0fe615d985b036
  React-callinvoker: 5dac2df3afaa3674ce5d6640552ee3f73ee6317c
  React-Codegen: 735570f7ccd0b5509c7de5221a9584bf671cdd69
  React-Core: 49712cb29411379335094f7952260b9829c8318c
  React-CoreModules: 6f31781ebb9fba364259a40ec9e9ac6864eaeccf
  React-cxxreact: c8f2462a3e4082f50a044bda5f2accdcaa54ebfc
  React-Fabric: e38ffdacd27e8c754cbca36b3d479f358084bb95
  React-graphics: 247a4673ba628597faa635d75590aa1e5468a943
  React-hermes: d1d73e97b1186bcdb825437e389bda0a801658c3
  React-jsi: 3f6bdea4f6bf5a3bc1acce695086da68e8f8c6f8
  React-jsiexecutor: 2dc46d77765825fe74c41b0429ed0a79523625f4
  React-jsinspector: 6f61a9de9801737243af4ac977468b17b30a6963
  React-logger: 117f3fd0d520befd91bd34961f9f1247c4520929
  react-native-safe-area-context: a9616f1fd257ff31946b518266a62f50dbcb3d5b
  React-perflogger: 200822dbf067e6d251ee7590ecc531f63e35c841
  React-RCTActionSheet: 6bd3e15da207c4d601ee6e71cfaff53883a74cfc
  React-RCTAnimation: f1dba8a0189aa9b1cac081519c4423fbea84d6ea
  React-RCTBlob: 8c1eadba3a50a2b2f609756f10a339bc2305145a
  React-RCTFabric: 3fbe4e9fa6a7f54fa87001126abff6a29db807ed
  React-RCTImage: 80d589e22311d56900fc2786224d7ca769d9e7b6
  React-RCTLinking: 207431d9f7436f0f35828bdc00ac40c7d1f6596c
  React-RCTNetwork: 114da723e72aff0d16bd420695d5bd89700fa0e7
  React-RCTSettings: a0456e6e2d3ea2e107cfc6aa2bc1c6fbfcc095c8
  React-RCTText: 1253fbfad65d5f48a7582bb1cfb10d9e6086e7ac
  React-RCTVibration: e5723b7ba5b7da05044dd9835ca90a7296e6cc6d
  React-rncore: 27f422dfd88975d49adb5b03b4155b7f4d7af22b
  React-runtimeexecutor: 8967733f0c4d958674c5c1d902e06ceae7bf0f54
  ReactCommon: 05e19c2870eec6fe08356e8b3e996b42ed29ad06
  RNGestureHandler: ac67226292cd5e67e7203d682a7e39f85d7b88a9
  RNScreens: 592316e0744de3b640e90c335a45aad13088381a
  SocketRocket: fccef3f9c5cedea1353a9ef6ada904fde10d6608
  Yoga: 8a2e7da370298eb9b65143f379a5eec64d17b58f
  YogaKit: f782866e155069a2cca2517aafea43200b01fd5a

PODFILE CHECKSUM: a4b75881b792b0b32549559ca76f4a5a711245c2

COCOAPODS: 1.11.3
